
Microsoft Visual Studio Solution File, Format Version 12.00
# Visual Studio Version 17
VisualStudioVersion = 17.14.36414.22 d17.14
MinimumVisualStudioVersion = 10.0.40219.1
Project("{FAE04EC0-301F-11D3-BF4B-00C04F79EFBC}") = "TiendaAVritmica.Server", "TiendaAVritmica.Server\TiendaAVritmica.Server.csproj", "{CC10859D-6383-4B14-B0F2-4274FE306096}"
EndProject
Project("{FAE04EC0-301F-11D3-BF4B-00C04F79EFBC}") = "TiendaAVritmica.BD", "TiendaAVritmica.BD\TiendaAVritmica.BD.csproj", "{F87545A6-7409-4771-AA0B-C681B7D89B5F}"
EndProject
Project("{FAE04EC0-301F-11D3-BF4B-00C04F79EFBC}") = "TiendaAVritmica.Shared", "TiendaAVritmica.Shared\TiendaAVritmica.Shared.csproj", "{5A140673-AA4C-48C5-89DE-2BB381147E81}"
EndProject
Global
	GlobalSection(SolutionConfigurationPlatforms) = preSolution
		Debug|Any CPU = Debug|Any CPU
		Release|Any CPU = Release|Any CPU
	EndGlobalSection
	GlobalSection(ProjectConfigurationPlatforms) = postSolution
		{CC10859D-6383-4B14-B0F2-4274FE306096}.Debug|Any CPU.ActiveCfg = Debug|Any CPU
		{CC10859D-6383-4B14-B0F2-4274FE306096}.Debug|Any CPU.Build.0 = Debug|Any CPU
		{CC10859D-6383-4B14-B0F2-4274FE306096}.Release|Any CPU.ActiveCfg = Release|Any CPU
		{CC10859D-6383-4B14-B0F2-4274FE306096}.Release|Any CPU.Build.0 = Release|Any CPU
		{F87545A6-7409-4771-AA0B-C681B7D89B5F}.Debug|Any CPU.ActiveCfg = Debug|Any CPU
		{F87545A6-7409-4771-AA0B-C681B7D89B5F}.Debug|Any CPU.Build.0 = Debug|Any CPU
		{F87545A6-7409-4771-AA0B-C681B7D89B5F}.Release|Any CPU.ActiveCfg = Release|Any CPU
		{F87545A6-7409-4771-AA0B-C681B7D89B5F}.Release|Any CPU.Build.0 = Release|Any CPU
		{5A140673-AA4C-48C5-89DE-2BB381147E81}.Debug|Any CPU.ActiveCfg = Debug|Any CPU
		{5A140673-AA4C-48C5-89DE-2BB381147E81}.Debug|Any CPU.Build.0 = Debug|Any CPU
		{5A140673-AA4C-48C5-89DE-2BB381147E81}.Release|Any CPU.ActiveCfg = Release|Any CPU
		{5A140673-AA4C-48C5-89DE-2BB381147E81}.Release|Any CPU.Build.0 = Release|Any CPU
	EndGlobalSection
	GlobalSection(SolutionProperties) = preSolution
		HideSolutionNode = FALSE
	EndGlobalSection
	GlobalSection(ExtensibilityGlobals) = postSolution
		SolutionGuid = {3190431B-AF10-497A-A853-0E97CB1C7ADC}
	EndGlobalSection
EndGlobal
